
Microsoft Visual Studio Solution File, Format Version 12.00
# Visual Studio Version 16
VisualStudioVersion = 16.0.31402.337
MinimumVisualStudioVersion = 10.0.40219.1
Project("{9A19103F-16F7-4668-BE54-9A1E7A4F7556}") = "RpsGameApi", "RpsGameApi.csproj", "{AB8329C9-23AF-48FD-BF58-7D527DFC4421}"
EndProject
Project("{9A19103F-16F7-4668-BE54-9A1E7A4F7556}") = "BusinessLayer", "..\BusinessLayer\BusinessLayer.csproj", "{C32724A4-7DA5-4A50-8D65-2C88ED14AA79}"
EndProject
Project("{9A19103F-16F7-4668-BE54-9A1E7A4F7556}") = "ModelsLibrary", "..\ModelsLibrary\ModelsLibrary.csproj", "{6928E997-0851-44D3-9E56-62B21F2F6AE3}"
EndProject
Project("{9A19103F-16F7-4668-BE54-9A1E7A4F7556}") = "RepositoryLayer", "..\RepositoryLayer\RepositoryLayer.csproj", "{190E9891-EF53-4910-956E-526E11A5F7D4}"
EndProject
Project("{9A19103F-16F7-4668-BE54-9A1E7A4F7556}") = "RpsGame.Tests", "..\RpsGame.Tests\RpsGame.Tests.csproj", "{24B4BDC9-E6E8-479B-810D-FFB0FB1B7EB6}"
EndProject
Global
	GlobalSection(SolutionConfigurationPlatforms) = preSolution
		Debug|Any CPU = Debug|Any CPU
		Release|Any CPU = Release|Any CPU
	EndGlobalSection
	GlobalSection(ProjectConfigurationPlatforms) = postSolution
		{AB8329C9-23AF-48FD-BF58-7D527DFC4421}.Debug|Any CPU.ActiveCfg = Debug|Any CPU
		{AB8329C9-23AF-48FD-BF58-7D527DFC4421}.Debug|Any CPU.Build.0 = Debug|Any CPU
		{AB8329C9-23AF-48FD-BF58-7D527DFC4421}.Release|Any CPU.ActiveCfg = Release|Any CPU
		{AB8329C9-23AF-48FD-BF58-7D527DFC4421}.Release|Any CPU.Build.0 = Release|Any CPU
		{C32724A4-7DA5-4A50-8D65-2C88ED14AA79}.Debug|Any CPU.ActiveCfg = Debug|Any CPU
		{C32724A4-7DA5-4A50-8D65-2C88ED14AA79}.Debug|Any CPU.Build.0 = Debug|Any CPU
		{C32724A4-7DA5-4A50-8D65-2C88ED14AA79}.Release|Any CPU.ActiveCfg = Release|Any CPU
		{C32724A4-7DA5-4A50-8D65-2C88ED14AA79}.Release|Any CPU.Build.0 = Release|Any CPU
		{6928E997-0851-44D3-9E56-62B21F2F6AE3}.Debug|Any CPU.ActiveCfg = Debug|Any CPU
		{6928E997-0851-44D3-9E56-62B21F2F6AE3}.Debug|Any CPU.Build.0 = Debug|Any CPU
		{6928E997-0851-44D3-9E56-62B21F2F6AE3}.Release|Any CPU.ActiveCfg = Release|Any CPU
		{6928E997-0851-44D3-9E56-62B21F2F6AE3}.Release|Any CPU.Build.0 = Release|Any CPU
		{190E9891-EF53-4910-956E-526E11A5F7D4}.Debug|Any CPU.ActiveCfg = Debug|Any CPU
		{190E9891-EF53-4910-956E-526E11A5F7D4}.Debug|Any CPU.Build.0 = Debug|Any CPU
		{190E9891-EF53-4910-956E-526E11A5F7D4}.Release|Any CPU.ActiveCfg = Release|Any CPU
		{190E9891-EF53-4910-956E-526E11A5F7D4}.Release|Any CPU.Build.0 = Release|Any CPU
		{24B4BDC9-E6E8-479B-810D-FFB0FB1B7EB6}.Debug|Any CPU.ActiveCfg = Debug|Any CPU
		{24B4BDC9-E6E8-479B-810D-FFB0FB1B7EB6}.Debug|Any CPU.Build.0 = Debug|Any CPU
		{24B4BDC9-E6E8-479B-810D-FFB0FB1B7EB6}.Release|Any CPU.ActiveCfg = Release|Any CPU
		{24B4BDC9-E6E8-479B-810D-FFB0FB1B7EB6}.Release|Any CPU.Build.0 = Release|Any CPU
	EndGlobalSection
	GlobalSection(SolutionProperties) = preSolution
		HideSolutionNode = FALSE
	EndGlobalSection
	GlobalSection(ExtensibilityGlobals) = postSolution
		SolutionGuid = {72406607-C36F-451F-80B8-4A532E964AA1}
	EndGlobalSection
EndGlobal
