
Microsoft Visual Studio Solution File, Format Version 12.00
# Visual Studio Version 16
VisualStudioVersion = 16.0.31402.337
MinimumVisualStudioVersion = 10.0.40219.1
Project("{9A19103F-16F7-4668-BE54-9A1E7A4F7556}") = "RockPaperScissors1", "RockPaperScissors1.csproj", "{E52F71DE-46D1-42D9-932C-3ECD0436F98F}"
EndProject
Project("{9A19103F-16F7-4668-BE54-9A1E7A4F7556}") = "RpsGame.Tests", "..\RpsGame.Tests\RpsGame.Tests.csproj", "{7EDB993B-F6AE-4A2D-968C-434270765292}"
EndProject
Project("{FAE04EC0-301F-11D3-BF4B-00C04F79EFBC}") = "RpsDBContext", "..\RpsDBContext\RpsDBContext.csproj", "{FE1AA382-5271-4E44-BAE7-57FA9A9FEDEE}"
EndProject
Global
	GlobalSection(SolutionConfigurationPlatforms) = preSolution
		Debug|Any CPU = Debug|Any CPU
		Release|Any CPU = Release|Any CPU
	EndGlobalSection
	GlobalSection(ProjectConfigurationPlatforms) = postSolution
		{E52F71DE-46D1-42D9-932C-3ECD0436F98F}.Debug|Any CPU.ActiveCfg = Debug|Any CPU
		{E52F71DE-46D1-42D9-932C-3ECD0436F98F}.Debug|Any CPU.Build.0 = Debug|Any CPU
		{E52F71DE-46D1-42D9-932C-3ECD0436F98F}.Release|Any CPU.ActiveCfg = Release|Any CPU
		{E52F71DE-46D1-42D9-932C-3ECD0436F98F}.Release|Any CPU.Build.0 = Release|Any CPU
		{7EDB993B-F6AE-4A2D-968C-434270765292}.Debug|Any CPU.ActiveCfg = Debug|Any CPU
		{7EDB993B-F6AE-4A2D-968C-434270765292}.Debug|Any CPU.Build.0 = Debug|Any CPU
		{7EDB993B-F6AE-4A2D-968C-434270765292}.Release|Any CPU.ActiveCfg = Release|Any CPU
		{7EDB993B-F6AE-4A2D-968C-434270765292}.Release|Any CPU.Build.0 = Release|Any CPU
		{FE1AA382-5271-4E44-BAE7-57FA9A9FEDEE}.Debug|Any CPU.ActiveCfg = Debug|Any CPU
		{FE1AA382-5271-4E44-BAE7-57FA9A9FEDEE}.Debug|Any CPU.Build.0 = Debug|Any CPU
		{FE1AA382-5271-4E44-BAE7-57FA9A9FEDEE}.Release|Any CPU.ActiveCfg = Release|Any CPU
		{FE1AA382-5271-4E44-BAE7-57FA9A9FEDEE}.Release|Any CPU.Build.0 = Release|Any CPU
	EndGlobalSection
	GlobalSection(SolutionProperties) = preSolution
		HideSolutionNode = FALSE
	EndGlobalSection
	GlobalSection(ExtensibilityGlobals) = postSolution
		SolutionGuid = {11D817C5-298D-4B47-BF8C-F1724B1D59B3}
	EndGlobalSection
EndGlobal
